
Microsoft Visual Studio Solution File, Format Version 10.00
# Visual Studio 2008
Project("{8BC9CEB8-8B4A-11D0-8D11-00A0C91BC942}") = "gtest_runner", "gtest_runner.9.vcproj", "{12E0654F-5667-468E-BF81-519DAC187089}"
EndProject
Global
	GlobalSection(SolutionConfigurationPlatforms) = preSolution
		Debug|Win32 = Debug|Win32
		Release|Win32 = Release|Win32
	EndGlobalSection
	GlobalSection(ProjectConfigurationPlatforms) = postSolution
		{12E0654F-5667-468E-BF81-519DAC187089}.Debug|Win32.ActiveCfg = Debug|Win32
		{12E0654F-5667-468E-BF81-519DAC187089}.Debug|Win32.Build.0 = Debug|Win32
		{12E0654F-5667-468E-BF81-519DAC187089}.Release|Win32.ActiveCfg = Release|Win32
		{12E0654F-5667-468E-BF81-519DAC187089}.Release|Win32.Build.0 = Release|Win32
	EndGlobalSection
	GlobalSection(SolutionProperties) = preSolution
		HideSolutionNode = FALSE
	EndGlobalSection
EndGlobal
